# THIS IS AN AUTOGENERATED FILE. DO NOT EDIT THIS FILE DIRECTLY.
# yarn lockfile v1


"@cwasm/jpeg-turbo@0.1.0":
  version "0.1.0"
  resolved "https://registry.yarnpkg.com/@cwasm/jpeg-turbo/-/jpeg-turbo-0.1.0.tgz#3672ee45e8622de3575ddfd948bca6f4215506ff"
  integrity sha512-20rDDG0NpoDDMG7bjeV15tzk5ayL2mT3lG7IXbfkmosJMI3GsdWDRyyyRkE64hZmQSVzTADtYtj3qMzDwrw/hQ==

"@cwasm/lodepng@0.1.1":
  version "0.1.1"
  resolved "https://registry.yarnpkg.com/@cwasm/lodepng/-/lodepng-0.1.1.tgz#2ce1bb6dead53f043741395b4efdf8a8fb9d454b"
  integrity sha512-i2aa5ILUfPsPrWhJdJTjIWZTSVWwoDCwBBnjErDhxBdcZNQywkcAc+xtHuLibQ++chS5bLQNvBNaeP0sYS5n5A==

gl-matrix@^3.1.0:
  version "3.3.0"
  resolved "https://registry.yarnpkg.com/gl-matrix/-/gl-matrix-3.3.0.tgz#232eef60b1c8b30a28cbbe75b2caf6c48fd6358b"
  integrity sha512-COb7LDz+SXaHtl/h4LeaFcNdJdAQSDeVqjiIihSXNrkWObZLhDI4hIkZC11Aeqp7bcE72clzB0BnDXr2SmslRA==

tolw@^0.1.8:
  version "0.1.8"
  resolved "https://registry.yarnpkg.com/tolw/-/tolw-0.1.8.tgz#c19095c0a28dc1387c48db82a95ed08b5dda4abc"
  integrity sha512-olxkOErscYps+5LaBCEOpYbR9MuK3NiUNz2eojPVu6CCxOmZXvf07O405au/Cd2HdevnRCPS6mWo8tlIbTxbVQ==

webgpu@latest:
  version "0.1.16"
  resolved "https://registry.yarnpkg.com/webgpu/-/webgpu-0.1.16.tgz#dec416373e308181b28864b58c8a914461d7ceee"
  integrity sha512-KAXn/f8lnL8o4B718zzdfi1l0nEWQpuoWlC1L5WM/svAbeHjShCEI0l5ZcZBEEUm9FF3ZTgRjWk8iwbJfnGKTA==
